// !$*UTF8*$!
{
	archiveVersion = 1;
	classes = {
	};
	objectVersion = 48;
	objects = {

/* Begin PBXBuildFile section */
		158E1C0C202E00E600F05701 /* AppDelegate.swift in Sources */ = {isa = PBXBuildFile; fileRef = 158E1C0B202E00E600F05701 /* AppDelegate.swift */; };
		158E1C0E202E00E600F05701 /* CollectionViewController.swift in Sources */ = {isa = PBXBuildFile; fileRef = 158E1C0D202E00E600F05701 /* CollectionViewController.swift */; };
		158E1C11202E00E600F05701 /* Main.storyboard in Resources */ = {isa = PBXBuildFile; fileRef = 158E1C0F202E00E600F05701 /* Main.storyboard */; };
		158E1C13202E00E600F05701 /* Assets.xcassets in Resources */ = {isa = PBXBuildFile; fileRef = 158E1C12202E00E600F05701 /* Assets.xcassets */; };
		158E1C16202E00E600F05701 /* LaunchScreen.storyboard in Resources */ = {isa = PBXBuildFile; fileRef = 158E1C14202E00E600F05701 /* LaunchScreen.storyboard */; };
		C08D69B3203FE9ED00654BB8 /* Flashcard.swift in Sources */ = {isa = PBXBuildFile; fileRef = C08D69B2203FE9ED00654BB8 /* Flashcard.swift */; };
		C0B5EDCE205047E400D04DC7 /* HomeViewController.swift in Sources */ = {isa = PBXBuildFile; fileRef = C0B5EDCD205047E400D04DC7 /* HomeViewController.swift */; };
		C0EDC96D20407850001E72D4 /* Collection.swift in Sources */ = {isa = PBXBuildFile; fileRef = C0EDC96C20407850001E72D4 /* Collection.swift */; };
/* End PBXBuildFile section */

/* Begin PBXFileReference section */
		158E1C08202E00E600F05701 /* Flashcards.app */ = {isa = PBXFileReference; explicitFileType = wrapper.application; includeInIndex = 0; path = Flashcards.app; sourceTree = BUILT_PRODUCTS_DIR; };
		158E1C0B202E00E600F05701 /* AppDelegate.swift */ = {isa = PBXFileReference; lastKnownFileType = sourcecode.swift; path = AppDelegate.swift; sourceTree = "<group>"; };
		158E1C0D202E00E600F05701 /* CollectionViewController.swift */ = {isa = PBXFileReference; lastKnownFileType = sourcecode.swift; path = CollectionViewController.swift; sourceTree = "<group>"; };
		158E1C10202E00E600F05701 /* Base */ = {isa = PBXFileReference; lastKnownFileType = file.storyboard; name = Base; path = Base.lproj/Main.storyboard; sourceTree = "<group>"; };
		158E1C12202E00E600F05701 /* Assets.xcassets */ = {isa = PBXFileReference; lastKnownFileType = folder.assetcatalog; path = Assets.xcassets; sourceTree = "<group>"; };
		158E1C15202E00E600F05701 /* Base */ = {isa = PBXFileReference; lastKnownFileType = file.storyboard; name = Base; path = Base.lproj/LaunchScreen.storyboard; sourceTree = "<group>"; };
		158E1C17202E00E600F05701 /* Info.plist */ = {isa = PBXFileReference; lastKnownFileType = text.plist.xml; path = Info.plist; sourceTree = "<group>"; };
		C08D69B2203FE9ED00654BB8 /* Flashcard.swift */ = {isa = PBXFileReference; lastKnownFileType = sourcecode.swift; name = Flashcard.swift; path = Flashcards/Model/Flashcard.swift; sourceTree = SOURCE_ROOT; };
		C0B5EDCD205047E400D04DC7 /* HomeViewController.swift */ = {isa = PBXFileReference; lastKnownFileType = sourcecode.swift; path = HomeViewController.swift; sourceTree = "<group>"; };
		C0EDC96C20407850001E72D4 /* Collection.swift */ = {isa = PBXFileReference; lastKnownFileType = sourcecode.swift; path = Collection.swift; sourceTree = "<group>"; };
/* End PBXFileReference section */

/* Begin PBXFrameworksBuildPhase section */
		158E1C05202E00E600F05701 /* Frameworks */ = {
			isa = PBXFrameworksBuildPhase;
			buildActionMask = 2147483647;
			files = (
			);
			runOnlyForDeploymentPostprocessing = 0;
		};
/* End PBXFrameworksBuildPhase section */

/* Begin PBXGroup section */
		158E1BFF202E00E600F05701 = {
			isa = PBXGroup;
			children = (
				158E1C0A202E00E600F05701 /* Flashcards */,
				158E1C09202E00E600F05701 /* Products */,
			);
			sourceTree = "<group>";
		};
		158E1C09202E00E600F05701 /* Products */ = {
			isa = PBXGroup;
			children = (
				158E1C08202E00E600F05701 /* Flashcards.app */,
			);
			name = Products;
			sourceTree = "<group>";
		};
		158E1C0A202E00E600F05701 /* Flashcards */ = {
			isa = PBXGroup;
			children = (
				C08D69B62040009000654BB8 /* Model */,
				158E1C1E202E016400F05701 /* View */,
				158E1C1D202E015700F05701 /* Controller */,
				158E1C20202E01B700F05701 /* Supporting Files */,
			);
			path = Flashcards;
			sourceTree = "<group>";
		};
		158E1C1D202E015700F05701 /* Controller */ = {
			isa = PBXGroup;
			children = (
				158E1C0B202E00E600F05701 /* AppDelegate.swift */,
				158E1C0D202E00E600F05701 /* CollectionViewController.swift */,
				C0B5EDCD205047E400D04DC7 /* HomeViewController.swift */,
			);
			path = Controller;
			sourceTree = "<group>";
		};
		158E1C1E202E016400F05701 /* View */ = {
			isa = PBXGroup;
			children = (
				158E1C0F202E00E600F05701 /* Main.storyboard */,
				158E1C12202E00E600F05701 /* Assets.xcassets */,
			);
			path = View;
			sourceTree = "<group>";
		};
		158E1C20202E01B700F05701 /* Supporting Files */ = {
			isa = PBXGroup;
			children = (
				158E1C17202E00E600F05701 /* Info.plist */,
				158E1C14202E00E600F05701 /* LaunchScreen.storyboard */,
			);
			path = "Supporting Files";
			sourceTree = "<group>";
		};
		C08D69B62040009000654BB8 /* Model */ = {
			isa = PBXGroup;
			children = (
				C08D69B2203FE9ED00654BB8 /* Flashcard.swift */,
				C0EDC96C20407850001E72D4 /* Collection.swift */,
			);
			path = Model;
			sourceTree = "<group>";
		};
/* End PBXGroup section */

/* Begin PBXNativeTarget section */
		158E1C07202E00E600F05701 /* Flashcards */ = {
			isa = PBXNativeTarget;
			buildConfigurationList = 158E1C1A202E00E600F05701 /* Build configuration list for PBXNativeTarget "Flashcards" */;
			buildPhases = (
				158E1C04202E00E600F05701 /* Sources */,
				158E1C05202E00E600F05701 /* Frameworks */,
				158E1C06202E00E600F05701 /* Resources */,
			);
			buildRules = (
			);
			dependencies = (
			);
			name = Flashcards;
			productName = Flashcards;
			productReference = 158E1C08202E00E600F05701 /* Flashcards.app */;
			productType = "com.apple.product-type.application";
		};
/* End PBXNativeTarget section */

/* Begin PBXProject section */
		158E1C00202E00E600F05701 /* Project object */ = {
			isa = PBXProject;
			attributes = {
				LastSwiftUpdateCheck = 0920;
				LastUpgradeCheck = 0920;
				ORGANIZATIONNAME = "Carly Chase";
				TargetAttributes = {
					158E1C07202E00E600F05701 = {
						CreatedOnToolsVersion = 9.2;
						ProvisioningStyle = Automatic;
					};
				};
			};
			buildConfigurationList = 158E1C03202E00E600F05701 /* Build configuration list for PBXProject "Flashcards" */;
			compatibilityVersion = "Xcode 8.0";
			developmentRegion = en;
			hasScannedForEncodings = 0;
			knownRegions = (
				en,
				Base,
			);
			mainGroup = 158E1BFF202E00E600F05701;
			productRefGroup = 158E1C09202E00E600F05701 /* Products */;
			projectDirPath = "";
			projectRoot = "";
			targets = (
				158E1C07202E00E600F05701 /* Flashcards */,
			);
		};
/* End PBXProject section */

/* Begin PBXResourcesBuildPhase section */
		158E1C06202E00E600F05701 /* Resources */ = {
			isa = PBXResourcesBuildPhase;
			buildActionMask = 2147483647;
			files = (
				158E1C16202E00E600F05701 /* LaunchScreen.storyboard in Resources */,
				158E1C13202E00E600F05701 /* Assets.xcassets in Resources */,
				158E1C11202E00E600F05701 /* Main.storyboard in Resources */,
			);
			runOnlyForDeploymentPostprocessing = 0;
		};
/* End PBXResourcesBuildPhase section */

/* Begin PBXSourcesBuildPhase section */
		158E1C04202E00E600F05701 /* Sources */ = {
			isa = PBXSourcesBuildPhase;
			buildActionMask = 2147483647;
			files = (
				C0B5EDCE205047E400D04DC7 /* HomeViewController.swift in Sources */,
				C08D69B3203FE9ED00654BB8 /* Flashcard.swift in Sources */,
				C0EDC96D20407850001E72D4 /* Collection.swift in Sources */,
				158E1C0E202E00E600F05701 /* CollectionViewController.swift in Sources */,
				158E1C0C202E00E600F05701 /* AppDelegate.swift in Sources */,
			);
			runOnlyForDeploymentPostprocessing = 0;
		};
/* End PBXSourcesBuildPhase section */

/* Begin PBXVariantGroup section */
		158E1C0F202E00E600F05701 /* Main.storyboard */ = {
			isa = PBXVariantGroup;
			children = (
				158E1C10202E00E600F05701 /* Base */,
			);
			name = Main.storyboard;
			sourceTree = "<group>";
		};
		158E1C14202E00E600F05701 /* LaunchScreen.storyboard */ = {
			isa = PBXVariantGroup;
			children = (
				158E1C15202E00E600F05701 /* Base */,
			);
			name = LaunchScreen.storyboard;
			sourceTree = "<group>";
		};
/* End PBXVariantGroup section */

/* Begin XCBuildConfiguration section */
		158E1C18202E00E600F05701 /* Debug */ = {
			isa = XCBuildConfiguration;
			buildSettings = {
				ALWAYS_SEARCH_USER_PATHS = NO;
				CLANG_ANALYZER_NONNULL = YES;
				CLANG_ANALYZER_NUMBER_OBJECT_CONVERSION = YES_AGGRESSIVE;
				CLANG_CXX_LANGUAGE_STANDARD = "gnu++14";
				CLANG_CXX_LIBRARY = "libc++";
				CLANG_ENABLE_MODULES = YES;
				CLANG_ENABLE_OBJC_ARC = YES;
				CLANG_WARN_BLOCK_CAPTURE_AUTORELEASING = YES;
				CLANG_WARN_BOOL_CONVERSION = YES;
				CLANG_WARN_COMMA = YES;
				CLANG_WARN_CONSTANT_CONVERSION = YES;
				CLANG_WARN_DIRECT_OBJC_ISA_USAGE = YES_ERROR;
				CLANG_WARN_DOCUMENTATION_COMMENTS = YES;
				CLANG_WARN_EMPTY_BODY = YES;
				CLANG_WARN_ENUM_CONVERSION = YES;
				CLANG_WARN_INFINITE_RECURSION = YES;
				CLANG_WARN_INT_CONVERSION = YES;
				CLANG_WARN_NON_LITERAL_NULL_CONVERSION = YES;
				CLANG_WARN_OBJC_LITERAL_CONVERSION = YES;
				CLANG_WARN_OBJC_ROOT_CLASS = YES_ERROR;
				CLANG_WARN_RANGE_LOOP_ANALYSIS = YES;
				CLANG_WARN_STRICT_PROTOTYPES = YES;
				CLANG_WARN_SUSPICIOUS_MOVE = YES;
				CLANG_WARN_UNGUARDED_AVAILABILITY = YES_AGGRESSIVE;
				CLANG_WARN_UNREACHABLE_CODE = YES;
				CLANG_WARN__DUPLICATE_METHOD_MATCH = YES;
				CODE_SIGN_IDENTITY = "iPhone Developer";
				COPY_PHASE_STRIP = NO;
				DEBUG_INFORMATION_FORMAT = dwarf;
				ENABLE_STRICT_OBJC_MSGSEND = YES;
				ENABLE_TESTABILITY = YES;
				GCC_C_LANGUAGE_STANDARD = gnu11;
				GCC_DYNAMIC_NO_PIC = NO;
				GCC_NO_COMMON_BLOCKS = YES;
				GCC_OPTIMIZATION_LEVEL = 0;
				GCC_PREPROCESSOR_DEFINITIONS = (
					"DEBUG=1",
					"$(inherited)",
				);
				GCC_WARN_64_TO_32_BIT_CONVERSION = YES;
				GCC_WARN_ABOUT_RETURN_TYPE = YES_ERROR;
				GCC_WARN_UNDECLARED_SELECTOR = YES;
				GCC_WARN_UNINITIALIZED_AUTOS = YES_AGGRESSIVE;
				GCC_WARN_UNUSED_FUNCTION = YES;
				GCC_WARN_UNUSED_VARIABLE = YES;
				IPHONEOS_DEPLOYMENT_TARGET = 11.2;
				MTL_ENABLE_DEBUG_INFO = YES;
				ONLY_ACTIVE_ARCH = YES;
				SDKROOT = iphoneos;
				SWIFT_ACTIVE_COMPILATION_CONDITIONS = DEBUG;
				SWIFT_OPTIMIZATION_LEVEL = "-Onone";
			};
			name = Debug;
		};
		158E1C19202E00E600F05701 /* Release */ = {
			isa = XCBuildConfiguration;
			buildSettings = {
				ALWAYS_SEARCH_USER_PATHS = NO;
				CLANG_ANALYZER_NONNULL = YES;
				CLANG_ANALYZER_NUMBER_OBJECT_CONVERSION = YES_AGGRESSIVE;
				CLANG_CXX_LANGUAGE_STANDARD = "gnu++14";
				CLANG_CXX_LIBRARY = "libc++";
				CLANG_ENABLE_MODULES = YES;
				CLANG_ENABLE_OBJC_ARC = YES;
				CLANG_WARN_BLOCK_CAPTURE_AUTORELEASING = YES;
				CLANG_WARN_BOOL_CONVERSION = YES;
				CLANG_WARN_COMMA = YES;
				CLANG_WARN_CONSTANT_CONVERSION = YES;
				CLANG_WARN_DIRECT_OBJC_ISA_USAGE = YES_ERROR;
				CLANG_WARN_DOCUMENTATION_COMMENTS = YES;
				CLANG_WARN_EMPTY_BODY = YES;
				CLANG_WARN_ENUM_CONVERSION = YES;
				CLANG_WARN_INFINITE_RECURSION = YES;
				CLANG_WARN_INT_CONVERSION = YES;
				CLANG_WARN_NON_LITERAL_NULL_CONVERSION = YES;
				CLANG_WARN_OBJC_LITERAL_CONVERSION = YES;
				CLANG_WARN_OBJC_ROOT_CLASS = YES_ERROR;
				CLANG_WARN_RANGE_LOOP_ANALYSIS = YES;
				CLANG_WARN_STRICT_PROTOTYPES = YES;
				CLANG_WARN_SUSPICIOUS_MOVE = YES;
				CLANG_WARN_UNGUARDED_AVAILABILITY = YES_AGGRESSIVE;
				CLANG_WARN_UNREACHABLE_CODE = YES;
				CLANG_WARN__DUPLICATE_METHOD_MATCH = YES;
				CODE_SIGN_IDENTITY = "iPhone Developer";
				COPY_PHASE_STRIP = NO;
				DEBUG_INFORMATION_FORMAT = "dwarf-with-dsym";
				ENABLE_NS_ASSERTIONS = NO;
				ENABLE_STRICT_OBJC_MSGSEND = YES;
				GCC_C_LANGUAGE_STANDARD = gnu11;
				GCC_NO_COMMON_BLOCKS = YES;
				GCC_WARN_64_TO_32_BIT_CONVERSION = YES;
				GCC_WARN_ABOUT_RETURN_TYPE = YES_ERROR;
				GCC_WARN_UNDECLARED_SELECTOR = YES;
				GCC_WARN_UNINITIALIZED_AUTOS = YES_AGGRESSIVE;
				GCC_WARN_UNUSED_FUNCTION = YES;
				GCC_WARN_UNUSED_VARIABLE = YES;
				IPHONEOS_DEPLOYMENT_TARGET = 11.2;
				MTL_ENABLE_DEBUG_INFO = NO;
				SDKROOT = iphoneos;
				SWIFT_OPTIMIZATION_LEVEL = "-Owholemodule";
				VALIDATE_PRODUCT = YES;
			};
			name = Release;
		};
		158E1C1B202E00E600F05701 /* Debug */ = {
			isa = XCBuildConfiguration;
			buildSettings = {
				ASSETCATALOG_COMPILER_APPICON_NAME = AppIcon;
				CODE_SIGN_STYLE = Automatic;
				DEVELOPMENT_TEAM = "";
				INFOPLIST_FILE = "$(SRCROOT)/Flashcards/Supporting Files/Info.plist";
				LD_RUNPATH_SEARCH_PATHS = "$(inherited) @executable_path/Frameworks";
				PRODUCT_BUNDLE_IDENTIFIER = edu.suu.Flashcards;
				PRODUCT_NAME = "$(TARGET_NAME)";
				SWIFT_VERSION = 4.0;
				TARGETED_DEVICE_FAMILY = "1,2";
			};
			name = Debug;
		};
		158E1C1C202E00E600F05701 /* Release */ = {
			isa = XCBuildConfiguration;
			buildSettings = {
				ASSETCATALOG_COMPILER_APPICON_NAME = AppIcon;
				CODE_SIGN_STYLE = Automatic;
				DEVELOPMENT_TEAM = "";
				INFOPLIST_FILE = "$(SRCROOT)/Flashcards/Supporting Files/Info.plist";
				LD_RUNPATH_SEARCH_PATHS = "$(inherited) @executable_path/Frameworks";
				PRODUCT_BUNDLE_IDENTIFIER = edu.suu.Flashcards;
				PRODUCT_NAME = "$(TARGET_NAME)";
				SWIFT_VERSION = 4.0;
				TARGETED_DEVICE_FAMILY = "1,2";
			};
			name = Release;
		};
/* End XCBuildConfiguration section */

/* Begin XCConfigurationList section */
		158E1C03202E00E600F05701 /* Build configuration list for PBXProject "Flashcards" */ = {
			isa = XCConfigurationList;
			buildConfigurations = (
				158E1C18202E00E600F05701 /* Debug */,
				158E1C19202E00E600F05701 /* Release */,
			);
			defaultConfigurationIsVisible = 0;
			defaultConfigurationName = Release;
		};
		158E1C1A202E00E600F05701 /* Build configuration list for PBXNativeTarget "Flashcards" */ = {
			isa = XCConfigurationList;
			buildConfigurations = (
				158E1C1B202E00E600F05701 /* Debug */,
				158E1C1C202E00E600F05701 /* Release */,
			);
			defaultConfigurationIsVisible = 0;
			defaultConfigurationName = Release;
		};
/* End XCConfigurationList section */
	};
	rootObject = 158E1C00202E00E600F05701 /* Project object */;
}
